
Microsoft Visual Studio Solution File, Format Version 12.00
# Visual Studio Version 17
VisualStudioVersion = 17.0.31903.59
MinimumVisualStudioVersion = 10.0.40219.1
Project("{FAE04EC0-301F-11D3-BF4B-00C04F79EFBC}") = "TeamPlan.Api", "TeamPlan.Api\TeamPlan.Api.csproj", "{47E77007-938A-4AC1-9217-D8A20FE566F0}"
EndProject
Project("{FAE04EC0-301F-11D3-BF4B-00C04F79EFBC}") = "TeamPlan.Application", "TeamPlan.Application\TeamPlan.Application.csproj", "{9A090A38-93CD-47EA-98BB-AE4732BC5595}"
EndProject
Project("{FAE04EC0-301F-11D3-BF4B-00C04F79EFBC}") = "TeamPlan.Domain", "TeamPlan.Domain\TeamPlan.Domain.csproj", "{A9234656-F407-4FD7-88B2-34D3596B1D62}"
EndProject
Project("{FAE04EC0-301F-11D3-BF4B-00C04F79EFBC}") = "TeamPlan.Infra", "TeamPlan.Infra\TeamPlan.Infra.csproj", "{E1DB56CB-6AA8-4193-8F23-176286513B27}"
EndProject
Global
	GlobalSection(SolutionConfigurationPlatforms) = preSolution
		Debug|Any CPU = Debug|Any CPU
		Debug|x64 = Debug|x64
		Debug|x86 = Debug|x86
		Release|Any CPU = Release|Any CPU
		Release|x64 = Release|x64
		Release|x86 = Release|x86
	EndGlobalSection
	GlobalSection(ProjectConfigurationPlatforms) = postSolution
		{47E77007-938A-4AC1-9217-D8A20FE566F0}.Debug|Any CPU.ActiveCfg = Debug|Any CPU
		{47E77007-938A-4AC1-9217-D8A20FE566F0}.Debug|Any CPU.Build.0 = Debug|Any CPU
		{47E77007-938A-4AC1-9217-D8A20FE566F0}.Debug|x64.ActiveCfg = Debug|Any CPU
		{47E77007-938A-4AC1-9217-D8A20FE566F0}.Debug|x64.Build.0 = Debug|Any CPU
		{47E77007-938A-4AC1-9217-D8A20FE566F0}.Debug|x86.ActiveCfg = Debug|Any CPU
		{47E77007-938A-4AC1-9217-D8A20FE566F0}.Debug|x86.Build.0 = Debug|Any CPU
		{47E77007-938A-4AC1-9217-D8A20FE566F0}.Release|Any CPU.ActiveCfg = Release|Any CPU
		{47E77007-938A-4AC1-9217-D8A20FE566F0}.Release|Any CPU.Build.0 = Release|Any CPU
		{47E77007-938A-4AC1-9217-D8A20FE566F0}.Release|x64.ActiveCfg = Release|Any CPU
		{47E77007-938A-4AC1-9217-D8A20FE566F0}.Release|x64.Build.0 = Release|Any CPU
		{47E77007-938A-4AC1-9217-D8A20FE566F0}.Release|x86.ActiveCfg = Release|Any CPU
		{47E77007-938A-4AC1-9217-D8A20FE566F0}.Release|x86.Build.0 = Release|Any CPU
		{9A090A38-93CD-47EA-98BB-AE4732BC5595}.Debug|Any CPU.ActiveCfg = Debug|Any CPU
		{9A090A38-93CD-47EA-98BB-AE4732BC5595}.Debug|Any CPU.Build.0 = Debug|Any CPU
		{9A090A38-93CD-47EA-98BB-AE4732BC5595}.Debug|x64.ActiveCfg = Debug|Any CPU
		{9A090A38-93CD-47EA-98BB-AE4732BC5595}.Debug|x64.Build.0 = Debug|Any CPU
		{9A090A38-93CD-47EA-98BB-AE4732BC5595}.Debug|x86.ActiveCfg = Debug|Any CPU
		{9A090A38-93CD-47EA-98BB-AE4732BC5595}.Debug|x86.Build.0 = Debug|Any CPU
		{9A090A38-93CD-47EA-98BB-AE4732BC5595}.Release|Any CPU.ActiveCfg = Release|Any CPU
		{9A090A38-93CD-47EA-98BB-AE4732BC5595}.Release|Any CPU.Build.0 = Release|Any CPU
		{9A090A38-93CD-47EA-98BB-AE4732BC5595}.Release|x64.ActiveCfg = Release|Any CPU
		{9A090A38-93CD-47EA-98BB-AE4732BC5595}.Release|x64.Build.0 = Release|Any CPU
		{9A090A38-93CD-47EA-98BB-AE4732BC5595}.Release|x86.ActiveCfg = Release|Any CPU
		{9A090A38-93CD-47EA-98BB-AE4732BC5595}.Release|x86.Build.0 = Release|Any CPU
		{A9234656-F407-4FD7-88B2-34D3596B1D62}.Debug|Any CPU.ActiveCfg = Debug|Any CPU
		{A9234656-F407-4FD7-88B2-34D3596B1D62}.Debug|Any CPU.Build.0 = Debug|Any CPU
		{A9234656-F407-4FD7-88B2-34D3596B1D62}.Debug|x64.ActiveCfg = Debug|Any CPU
		{A9234656-F407-4FD7-88B2-34D3596B1D62}.Debug|x64.Build.0 = Debug|Any CPU
		{A9234656-F407-4FD7-88B2-34D3596B1D62}.Debug|x86.ActiveCfg = Debug|Any CPU
		{A9234656-F407-4FD7-88B2-34D3596B1D62}.Debug|x86.Build.0 = Debug|Any CPU
		{A9234656-F407-4FD7-88B2-34D3596B1D62}.Release|Any CPU.ActiveCfg = Release|Any CPU
		{A9234656-F407-4FD7-88B2-34D3596B1D62}.Release|Any CPU.Build.0 = Release|Any CPU
		{A9234656-F407-4FD7-88B2-34D3596B1D62}.Release|x64.ActiveCfg = Release|Any CPU
		{A9234656-F407-4FD7-88B2-34D3596B1D62}.Release|x64.Build.0 = Release|Any CPU
		{A9234656-F407-4FD7-88B2-34D3596B1D62}.Release|x86.ActiveCfg = Release|Any CPU
		{A9234656-F407-4FD7-88B2-34D3596B1D62}.Release|x86.Build.0 = Release|Any CPU
		{E1DB56CB-6AA8-4193-8F23-176286513B27}.Debug|Any CPU.ActiveCfg = Debug|Any CPU
		{E1DB56CB-6AA8-4193-8F23-176286513B27}.Debug|Any CPU.Build.0 = Debug|Any CPU
		{E1DB56CB-6AA8-4193-8F23-176286513B27}.Debug|x64.ActiveCfg = Debug|Any CPU
		{E1DB56CB-6AA8-4193-8F23-176286513B27}.Debug|x64.Build.0 = Debug|Any CPU
		{E1DB56CB-6AA8-4193-8F23-176286513B27}.Debug|x86.ActiveCfg = Debug|Any CPU
		{E1DB56CB-6AA8-4193-8F23-176286513B27}.Debug|x86.Build.0 = Debug|Any CPU
		{E1DB56CB-6AA8-4193-8F23-176286513B27}.Release|Any CPU.ActiveCfg = Release|Any CPU
		{E1DB56CB-6AA8-4193-8F23-176286513B27}.Release|Any CPU.Build.0 = Release|Any CPU
		{E1DB56CB-6AA8-4193-8F23-176286513B27}.Release|x64.ActiveCfg = Release|Any CPU
		{E1DB56CB-6AA8-4193-8F23-176286513B27}.Release|x64.Build.0 = Release|Any CPU
		{E1DB56CB-6AA8-4193-8F23-176286513B27}.Release|x86.ActiveCfg = Release|Any CPU
		{E1DB56CB-6AA8-4193-8F23-176286513B27}.Release|x86.Build.0 = Release|Any CPU
	EndGlobalSection
	GlobalSection(SolutionProperties) = preSolution
		HideSolutionNode = FALSE
	EndGlobalSection
EndGlobal
